
Microsoft Visual Studio Solution File, Format Version 12.00
# Visual Studio 14
VisualStudioVersion = 14.0.25420.1
MinimumVisualStudioVersion = 10.0.40219.1
Project("{FAE04EC0-301F-11D3-BF4B-00C04F79EFBC}") = "Infopuls_les4_Second", "Infopuls_les4_Second\Infopuls_les4_Second.csproj", "{4304BAC0-000E-4034-B4CA-1B64AA50F1BE}"
EndProject
Global
	GlobalSection(SolutionConfigurationPlatforms) = preSolution
		Debug|Any CPU = Debug|Any CPU
		Release|Any CPU = Release|Any CPU
	EndGlobalSection
	GlobalSection(ProjectConfigurationPlatforms) = postSolution
		{4304BAC0-000E-4034-B4CA-1B64AA50F1BE}.Debug|Any CPU.ActiveCfg = Debug|Any CPU
		{4304BAC0-000E-4034-B4CA-1B64AA50F1BE}.Debug|Any CPU.Build.0 = Debug|Any CPU
		{4304BAC0-000E-4034-B4CA-1B64AA50F1BE}.Release|Any CPU.ActiveCfg = Release|Any CPU
		{4304BAC0-000E-4034-B4CA-1B64AA50F1BE}.Release|Any CPU.Build.0 = Release|Any CPU
	EndGlobalSection
	GlobalSection(SolutionProperties) = preSolution
		HideSolutionNode = FALSE
	EndGlobalSection
EndGlobal
